// !$*UTF8*$!
{
	archiveVersion = 1;
	classes = {
	};
	objectVersion = 50;
	objects = {

/* Begin PBXBuildFile section */
		06B4404D216BA5F90062BEDF /* AppDelegate.swift in Sources */ = {isa = PBXBuildFile; fileRef = 06B4404C216BA5F90062BEDF /* AppDelegate.swift */; };
		06B44052216BA5F90062BEDF /* Main.storyboard in Resources */ = {isa = PBXBuildFile; fileRef = 06B44050216BA5F90062BEDF /* Main.storyboard */; };
		06B44054216BA5FA0062BEDF /* Assets.xcassets in Resources */ = {isa = PBXBuildFile; fileRef = 06B44053216BA5FA0062BEDF /* Assets.xcassets */; };
		06B44057216BA5FA0062BEDF /* LaunchScreen.storyboard in Resources */ = {isa = PBXBuildFile; fileRef = 06B44055216BA5FA0062BEDF /* LaunchScreen.storyboard */; };
		06B44061216BCAF00062BEDF /* HomeViewController.swift in Sources */ = {isa = PBXBuildFile; fileRef = 06B44060216BCAF00062BEDF /* HomeViewController.swift */; };
		06B44064216BD4230062BEDF /* IdentityEnum.swift in Sources */ = {isa = PBXBuildFile; fileRef = 06B44063216BD4230062BEDF /* IdentityEnum.swift */; };
		06B44067216BE6250062BEDF /* PlayViewController.swift in Sources */ = {isa = PBXBuildFile; fileRef = 06B44066216BE6250062BEDF /* PlayViewController.swift */; };
		06B4406B216CE4230062BEDF /* Deck.swift in Sources */ = {isa = PBXBuildFile; fileRef = 06B4406A216CE4230062BEDF /* Deck.swift */; };
		06B4406D216CE5AE0062BEDF /* DeckDatabase.swift in Sources */ = {isa = PBXBuildFile; fileRef = 06B4406C216CE5AE0062BEDF /* DeckDatabase.swift */; };
		06B4406F216E377D0062BEDF /* BorderedButton.swift in Sources */ = {isa = PBXBuildFile; fileRef = 06B4406E216E377D0062BEDF /* BorderedButton.swift */; };
		06B44071216E8A1A0062BEDF /* WhiteCard.swift in Sources */ = {isa = PBXBuildFile; fileRef = 06B44070216E8A1A0062BEDF /* WhiteCard.swift */; };
		06B44073216F88090062BEDF /* BlackCard.swift in Sources */ = {isa = PBXBuildFile; fileRef = 06B44072216F88090062BEDF /* BlackCard.swift */; };
		06B440772177859E0062BEDF /* SelectionViewController.swift in Sources */ = {isa = PBXBuildFile; fileRef = 06B440762177859E0062BEDF /* SelectionViewController.swift */; };
		06B440792177AF8D0062BEDF /* BorderedLabel.swift in Sources */ = {isa = PBXBuildFile; fileRef = 06B440782177AF8D0062BEDF /* BorderedLabel.swift */; };
		06B4407B2177CBC40062BEDF /* HTMLDecode.swift in Sources */ = {isa = PBXBuildFile; fileRef = 06B4407A2177CBC40062BEDF /* HTMLDecode.swift */; };
/* End PBXBuildFile section */

/* Begin PBXFileReference section */
		06B44049216BA5F90062BEDF /* SFWCardsAgainstHumanity.app */ = {isa = PBXFileReference; explicitFileType = wrapper.application; includeInIndex = 0; path = SFWCardsAgainstHumanity.app; sourceTree = BUILT_PRODUCTS_DIR; };
		06B4404C216BA5F90062BEDF /* AppDelegate.swift */ = {isa = PBXFileReference; lastKnownFileType = sourcecode.swift; path = AppDelegate.swift; sourceTree = "<group>"; };
		06B44051216BA5F90062BEDF /* Base */ = {isa = PBXFileReference; lastKnownFileType = file.storyboard; name = Base; path = Base.lproj/Main.storyboard; sourceTree = "<group>"; };
		06B44053216BA5FA0062BEDF /* Assets.xcassets */ = {isa = PBXFileReference; lastKnownFileType = folder.assetcatalog; path = Assets.xcassets; sourceTree = "<group>"; };
		06B44056216BA5FA0062BEDF /* Base */ = {isa = PBXFileReference; lastKnownFileType = file.storyboard; name = Base; path = Base.lproj/LaunchScreen.storyboard; sourceTree = "<group>"; };
		06B44058216BA5FA0062BEDF /* Info.plist */ = {isa = PBXFileReference; lastKnownFileType = text.plist.xml; path = Info.plist; sourceTree = "<group>"; };
		06B44060216BCAF00062BEDF /* HomeViewController.swift */ = {isa = PBXFileReference; lastKnownFileType = sourcecode.swift; path = HomeViewController.swift; sourceTree = "<group>"; };
		06B44063216BD4230062BEDF /* IdentityEnum.swift */ = {isa = PBXFileReference; lastKnownFileType = sourcecode.swift; path = IdentityEnum.swift; sourceTree = "<group>"; };
		06B44066216BE6250062BEDF /* PlayViewController.swift */ = {isa = PBXFileReference; lastKnownFileType = sourcecode.swift; path = PlayViewController.swift; sourceTree = "<group>"; };
		06B4406A216CE4230062BEDF /* Deck.swift */ = {isa = PBXFileReference; lastKnownFileType = sourcecode.swift; path = Deck.swift; sourceTree = "<group>"; };
		06B4406C216CE5AE0062BEDF /* DeckDatabase.swift */ = {isa = PBXFileReference; lastKnownFileType = sourcecode.swift; path = DeckDatabase.swift; sourceTree = "<group>"; };
		06B4406E216E377D0062BEDF /* BorderedButton.swift */ = {isa = PBXFileReference; lastKnownFileType = sourcecode.swift; path = BorderedButton.swift; sourceTree = "<group>"; };
		06B44070216E8A1A0062BEDF /* WhiteCard.swift */ = {isa = PBXFileReference; lastKnownFileType = sourcecode.swift; path = WhiteCard.swift; sourceTree = "<group>"; };
		06B44072216F88090062BEDF /* BlackCard.swift */ = {isa = PBXFileReference; lastKnownFileType = sourcecode.swift; path = BlackCard.swift; sourceTree = "<group>"; };
		06B440762177859E0062BEDF /* SelectionViewController.swift */ = {isa = PBXFileReference; lastKnownFileType = sourcecode.swift; path = SelectionViewController.swift; sourceTree = "<group>"; };
		06B440782177AF8D0062BEDF /* BorderedLabel.swift */ = {isa = PBXFileReference; lastKnownFileType = sourcecode.swift; path = BorderedLabel.swift; sourceTree = "<group>"; };
		06B4407A2177CBC40062BEDF /* HTMLDecode.swift */ = {isa = PBXFileReference; lastKnownFileType = sourcecode.swift; path = HTMLDecode.swift; sourceTree = "<group>"; };
/* End PBXFileReference section */

/* Begin PBXFrameworksBuildPhase section */
		06B44046216BA5F90062BEDF /* Frameworks */ = {
			isa = PBXFrameworksBuildPhase;
			buildActionMask = 2147483647;
			files = (
			);
			runOnlyForDeploymentPostprocessing = 0;
		};
/* End PBXFrameworksBuildPhase section */

/* Begin PBXGroup section */
		06B44040216BA5F90062BEDF = {
			isa = PBXGroup;
			children = (
				06B4404B216BA5F90062BEDF /* SFWCardsAgainstHumanity */,
				06B4404A216BA5F90062BEDF /* Products */,
			);
			sourceTree = "<group>";
		};
		06B4404A216BA5F90062BEDF /* Products */ = {
			isa = PBXGroup;
			children = (
				06B44049216BA5F90062BEDF /* SFWCardsAgainstHumanity.app */,
			);
			name = Products;
			sourceTree = "<group>";
		};
		06B4404B216BA5F90062BEDF /* SFWCardsAgainstHumanity */ = {
			isa = PBXGroup;
			children = (
				06B4405E216BC9A40062BEDF /* Model */,
				06B4405F216BC9D30062BEDF /* Controllers */,
				06B4404C216BA5F90062BEDF /* AppDelegate.swift */,
				06B44053216BA5FA0062BEDF /* Assets.xcassets */,
				06B44058216BA5FA0062BEDF /* Info.plist */,
				06B44065216BE2F60062BEDF /* Views */,
				06B44062216BD35D0062BEDF /* Helpers */,
			);
			path = SFWCardsAgainstHumanity;
			sourceTree = "<group>";
		};
		06B4405E216BC9A40062BEDF /* Model */ = {
			isa = PBXGroup;
			children = (
				06B4406A216CE4230062BEDF /* Deck.swift */,
				06B4406C216CE5AE0062BEDF /* DeckDatabase.swift */,
				06B44070216E8A1A0062BEDF /* WhiteCard.swift */,
				06B44072216F88090062BEDF /* BlackCard.swift */,
			);
			path = Model;
			sourceTree = "<group>";
		};
		06B4405F216BC9D30062BEDF /* Controllers */ = {
			isa = PBXGroup;
			children = (
				06B44060216BCAF00062BEDF /* HomeViewController.swift */,
				06B44066216BE6250062BEDF /* PlayViewController.swift */,
				06B440762177859E0062BEDF /* SelectionViewController.swift */,
			);
			path = Controllers;
			sourceTree = "<group>";
		};
		06B44062216BD35D0062BEDF /* Helpers */ = {
			isa = PBXGroup;
			children = (
				06B44063216BD4230062BEDF /* IdentityEnum.swift */,
				06B4407A2177CBC40062BEDF /* HTMLDecode.swift */,
			);
			path = Helpers;
			sourceTree = "<group>";
		};
		06B44065216BE2F60062BEDF /* Views */ = {
			isa = PBXGroup;
			children = (
				06B44055216BA5FA0062BEDF /* LaunchScreen.storyboard */,
				06B44050216BA5F90062BEDF /* Main.storyboard */,
				06B4406E216E377D0062BEDF /* BorderedButton.swift */,
				06B440782177AF8D0062BEDF /* BorderedLabel.swift */,
			);
			path = Views;
			sourceTree = "<group>";
		};
/* End PBXGroup section */

/* Begin PBXNativeTarget section */
		06B44048216BA5F90062BEDF /* SFWCardsAgainstHumanity */ = {
			isa = PBXNativeTarget;
			buildConfigurationList = 06B4405B216BA5FA0062BEDF /* Build configuration list for PBXNativeTarget "SFWCardsAgainstHumanity" */;
			buildPhases = (
				06B44045216BA5F90062BEDF /* Sources */,
				06B44046216BA5F90062BEDF /* Frameworks */,
				06B44047216BA5F90062BEDF /* Resources */,
			);
			buildRules = (
			);
			dependencies = (
			);
			name = SFWCardsAgainstHumanity;
			productName = SFWCardsAgainstHumanity;
			productReference = 06B44049216BA5F90062BEDF /* SFWCardsAgainstHumanity.app */;
			productType = "com.apple.product-type.application";
		};
/* End PBXNativeTarget section */

/* Begin PBXProject section */
		06B44041216BA5F90062BEDF /* Project object */ = {
			isa = PBXProject;
			attributes = {
				LastSwiftUpdateCheck = 1000;
				LastUpgradeCheck = 1000;
				ORGANIZATIONNAME = "Britney Smith";
				TargetAttributes = {
					06B44048216BA5F90062BEDF = {
						CreatedOnToolsVersion = 10.0;
					};
				};
			};
			buildConfigurationList = 06B44044216BA5F90062BEDF /* Build configuration list for PBXProject "SFWCardsAgainstHumanity" */;
			compatibilityVersion = "Xcode 9.3";
			developmentRegion = en;
			hasScannedForEncodings = 0;
			knownRegions = (
				en,
				Base,
			);
			mainGroup = 06B44040216BA5F90062BEDF;
			productRefGroup = 06B4404A216BA5F90062BEDF /* Products */;
			projectDirPath = "";
			projectRoot = "";
			targets = (
				06B44048216BA5F90062BEDF /* SFWCardsAgainstHumanity */,
			);
		};
/* End PBXProject section */

/* Begin PBXResourcesBuildPhase section */
		06B44047216BA5F90062BEDF /* Resources */ = {
			isa = PBXResourcesBuildPhase;
			buildActionMask = 2147483647;
			files = (
				06B44057216BA5FA0062BEDF /* LaunchScreen.storyboard in Resources */,
				06B44054216BA5FA0062BEDF /* Assets.xcassets in Resources */,
				06B44052216BA5F90062BEDF /* Main.storyboard in Resources */,
			);
			runOnlyForDeploymentPostprocessing = 0;
		};
/* End PBXResourcesBuildPhase section */

/* Begin PBXSourcesBuildPhase section */
		06B44045216BA5F90062BEDF /* Sources */ = {
			isa = PBXSourcesBuildPhase;
			buildActionMask = 2147483647;
			files = (
				06B44073216F88090062BEDF /* BlackCard.swift in Sources */,
				06B44067216BE6250062BEDF /* PlayViewController.swift in Sources */,
				06B4406D216CE5AE0062BEDF /* DeckDatabase.swift in Sources */,
				06B4404D216BA5F90062BEDF /* AppDelegate.swift in Sources */,
				06B4406B216CE4230062BEDF /* Deck.swift in Sources */,
				06B440772177859E0062BEDF /* SelectionViewController.swift in Sources */,
				06B44064216BD4230062BEDF /* IdentityEnum.swift in Sources */,
				06B44071216E8A1A0062BEDF /* WhiteCard.swift in Sources */,
				06B4407B2177CBC40062BEDF /* HTMLDecode.swift in Sources */,
				06B44061216BCAF00062BEDF /* HomeViewController.swift in Sources */,
				06B440792177AF8D0062BEDF /* BorderedLabel.swift in Sources */,
				06B4406F216E377D0062BEDF /* BorderedButton.swift in Sources */,
			);
			runOnlyForDeploymentPostprocessing = 0;
		};
/* End PBXSourcesBuildPhase section */

/* Begin PBXVariantGroup section */
		06B44050216BA5F90062BEDF /* Main.storyboard */ = {
			isa = PBXVariantGroup;
			children = (
				06B44051216BA5F90062BEDF /* Base */,
			);
			name = Main.storyboard;
			sourceTree = "<group>";
		};
		06B44055216BA5FA0062BEDF /* LaunchScreen.storyboard */ = {
			isa = PBXVariantGroup;
			children = (
				06B44056216BA5FA0062BEDF /* Base */,
			);
			name = LaunchScreen.storyboard;
			sourceTree = "<group>";
		};
/* End PBXVariantGroup section */

/* Begin XCBuildConfiguration section */
		06B44059216BA5FA0062BEDF /* Debug */ = {
			isa = XCBuildConfiguration;
			buildSettings = {
				ALWAYS_SEARCH_USER_PATHS = NO;
				CLANG_ANALYZER_NONNULL = YES;
				CLANG_ANALYZER_NUMBER_OBJECT_CONVERSION = YES_AGGRESSIVE;
				CLANG_CXX_LANGUAGE_STANDARD = "gnu++14";
				CLANG_CXX_LIBRARY = "libc++";
				CLANG_ENABLE_MODULES = YES;
				CLANG_ENABLE_OBJC_ARC = YES;
				CLANG_ENABLE_OBJC_WEAK = YES;
				CLANG_WARN_BLOCK_CAPTURE_AUTORELEASING = YES;
				CLANG_WARN_BOOL_CONVERSION = YES;
				CLANG_WARN_COMMA = YES;
				CLANG_WARN_CONSTANT_CONVERSION = YES;
				CLANG_WARN_DEPRECATED_OBJC_IMPLEMENTATIONS = YES;
				CLANG_WARN_DIRECT_OBJC_ISA_USAGE = YES_ERROR;
				CLANG_WARN_DOCUMENTATION_COMMENTS = YES;
				CLANG_WARN_EMPTY_BODY = YES;
				CLANG_WARN_ENUM_CONVERSION = YES;
				CLANG_WARN_INFINITE_RECURSION = YES;
				CLANG_WARN_INT_CONVERSION = YES;
				CLANG_WARN_NON_LITERAL_NULL_CONVERSION = YES;
				CLANG_WARN_OBJC_IMPLICIT_RETAIN_SELF = YES;
				CLANG_WARN_OBJC_LITERAL_CONVERSION = YES;
				CLANG_WARN_OBJC_ROOT_CLASS = YES_ERROR;
				CLANG_WARN_RANGE_LOOP_ANALYSIS = YES;
				CLANG_WARN_STRICT_PROTOTYPES = YES;
				CLANG_WARN_SUSPICIOUS_MOVE = YES;
				CLANG_WARN_UNGUARDED_AVAILABILITY = YES_AGGRESSIVE;
				CLANG_WARN_UNREACHABLE_CODE = YES;
				CLANG_WARN__DUPLICATE_METHOD_MATCH = YES;
				CODE_SIGN_IDENTITY = "iPhone Developer";
				COPY_PHASE_STRIP = NO;
				DEBUG_INFORMATION_FORMAT = dwarf;
				ENABLE_STRICT_OBJC_MSGSEND = YES;
				ENABLE_TESTABILITY = YES;
				GCC_C_LANGUAGE_STANDARD = gnu11;
				GCC_DYNAMIC_NO_PIC = NO;
				GCC_NO_COMMON_BLOCKS = YES;
				GCC_OPTIMIZATION_LEVEL = 0;
				GCC_PREPROCESSOR_DEFINITIONS = (
					"DEBUG=1",
					"$(inherited)",
				);
				GCC_WARN_64_TO_32_BIT_CONVERSION = YES;
				GCC_WARN_ABOUT_RETURN_TYPE = YES_ERROR;
				GCC_WARN_UNDECLARED_SELECTOR = YES;
				GCC_WARN_UNINITIALIZED_AUTOS = YES_AGGRESSIVE;
				GCC_WARN_UNUSED_FUNCTION = YES;
				GCC_WARN_UNUSED_VARIABLE = YES;
				IPHONEOS_DEPLOYMENT_TARGET = 12.0;
				MTL_ENABLE_DEBUG_INFO = INCLUDE_SOURCE;
				MTL_FAST_MATH = YES;
				ONLY_ACTIVE_ARCH = YES;
				SDKROOT = iphoneos;
				SWIFT_ACTIVE_COMPILATION_CONDITIONS = DEBUG;
				SWIFT_OPTIMIZATION_LEVEL = "-Onone";
			};
			name = Debug;
		};
		06B4405A216BA5FA0062BEDF /* Release */ = {
			isa = XCBuildConfiguration;
			buildSettings = {
				ALWAYS_SEARCH_USER_PATHS = NO;
				CLANG_ANALYZER_NONNULL = YES;
				CLANG_ANALYZER_NUMBER_OBJECT_CONVERSION = YES_AGGRESSIVE;
				CLANG_CXX_LANGUAGE_STANDARD = "gnu++14";
				CLANG_CXX_LIBRARY = "libc++";
				CLANG_ENABLE_MODULES = YES;
				CLANG_ENABLE_OBJC_ARC = YES;
				CLANG_ENABLE_OBJC_WEAK = YES;
				CLANG_WARN_BLOCK_CAPTURE_AUTORELEASING = YES;
				CLANG_WARN_BOOL_CONVERSION = YES;
				CLANG_WARN_COMMA = YES;
				CLANG_WARN_CONSTANT_CONVERSION = YES;
				CLANG_WARN_DEPRECATED_OBJC_IMPLEMENTATIONS = YES;
				CLANG_WARN_DIRECT_OBJC_ISA_USAGE = YES_ERROR;
				CLANG_WARN_DOCUMENTATION_COMMENTS = YES;
				CLANG_WARN_EMPTY_BODY = YES;
				CLANG_WARN_ENUM_CONVERSION = YES;
				CLANG_WARN_INFINITE_RECURSION = YES;
				CLANG_WARN_INT_CONVERSION = YES;
				CLANG_WARN_NON_LITERAL_NULL_CONVERSION = YES;
				CLANG_WARN_OBJC_IMPLICIT_RETAIN_SELF = YES;
				CLANG_WARN_OBJC_LITERAL_CONVERSION = YES;
				CLANG_WARN_OBJC_ROOT_CLASS = YES_ERROR;
				CLANG_WARN_RANGE_LOOP_ANALYSIS = YES;
				CLANG_WARN_STRICT_PROTOTYPES = YES;
				CLANG_WARN_SUSPICIOUS_MOVE = YES;
				CLANG_WARN_UNGUARDED_AVAILABILITY = YES_AGGRESSIVE;
				CLANG_WARN_UNREACHABLE_CODE = YES;
				CLANG_WARN__DUPLICATE_METHOD_MATCH = YES;
				CODE_SIGN_IDENTITY = "iPhone Developer";
				COPY_PHASE_STRIP = NO;
				DEBUG_INFORMATION_FORMAT = "dwarf-with-dsym";
				ENABLE_NS_ASSERTIONS = NO;
				ENABLE_STRICT_OBJC_MSGSEND = YES;
				GCC_C_LANGUAGE_STANDARD = gnu11;
				GCC_NO_COMMON_BLOCKS = YES;
				GCC_WARN_64_TO_32_BIT_CONVERSION = YES;
				GCC_WARN_ABOUT_RETURN_TYPE = YES_ERROR;
				GCC_WARN_UNDECLARED_SELECTOR = YES;
				GCC_WARN_UNINITIALIZED_AUTOS = YES_AGGRESSIVE;
				GCC_WARN_UNUSED_FUNCTION = YES;
				GCC_WARN_UNUSED_VARIABLE = YES;
				IPHONEOS_DEPLOYMENT_TARGET = 12.0;
				MTL_ENABLE_DEBUG_INFO = NO;
				MTL_FAST_MATH = YES;
				SDKROOT = iphoneos;
				SWIFT_COMPILATION_MODE = wholemodule;
				SWIFT_OPTIMIZATION_LEVEL = "-O";
				VALIDATE_PRODUCT = YES;
			};
			name = Release;
		};
		06B4405C216BA5FA0062BEDF /* Debug */ = {
			isa = XCBuildConfiguration;
			buildSettings = {
				ASSETCATALOG_COMPILER_APPICON_NAME = AppIcon;
				CODE_SIGN_STYLE = Automatic;
				INFOPLIST_FILE = SFWCardsAgainstHumanity/Info.plist;
				LD_RUNPATH_SEARCH_PATHS = (
					"$(inherited)",
					"@executable_path/Frameworks",
				);
				PRODUCT_BUNDLE_IDENTIFIER = com.detroitlabs.SFWCardsAgainstHumanity;
				PRODUCT_NAME = "$(TARGET_NAME)";
				SWIFT_VERSION = 4.2;
				TARGETED_DEVICE_FAMILY = "1,2";
			};
			name = Debug;
		};
		06B4405D216BA5FA0062BEDF /* Release */ = {
			isa = XCBuildConfiguration;
			buildSettings = {
				ASSETCATALOG_COMPILER_APPICON_NAME = AppIcon;
				CODE_SIGN_STYLE = Automatic;
				INFOPLIST_FILE = SFWCardsAgainstHumanity/Info.plist;
				LD_RUNPATH_SEARCH_PATHS = (
					"$(inherited)",
					"@executable_path/Frameworks",
				);
				PRODUCT_BUNDLE_IDENTIFIER = com.detroitlabs.SFWCardsAgainstHumanity;
				PRODUCT_NAME = "$(TARGET_NAME)";
				SWIFT_VERSION = 4.2;
				TARGETED_DEVICE_FAMILY = "1,2";
			};
			name = Release;
		};
/* End XCBuildConfiguration section */

/* Begin XCConfigurationList section */
		06B44044216BA5F90062BEDF /* Build configuration list for PBXProject "SFWCardsAgainstHumanity" */ = {
			isa = XCConfigurationList;
			buildConfigurations = (
				06B44059216BA5FA0062BEDF /* Debug */,
				06B4405A216BA5FA0062BEDF /* Release */,
			);
			defaultConfigurationIsVisible = 0;
			defaultConfigurationName = Release;
		};
		06B4405B216BA5FA0062BEDF /* Build configuration list for PBXNativeTarget "SFWCardsAgainstHumanity" */ = {
			isa = XCConfigurationList;
			buildConfigurations = (
				06B4405C216BA5FA0062BEDF /* Debug */,
				06B4405D216BA5FA0062BEDF /* Release */,
			);
			defaultConfigurationIsVisible = 0;
			defaultConfigurationName = Release;
		};
/* End XCConfigurationList section */
	};
	rootObject = 06B44041216BA5F90062BEDF /* Project object */;
}
